// !$*UTF8*$!
{
	archiveVersion = 1;
	classes = {
	};
	objectVersion = 46;
	objects = {

/* Begin PBXBuildFile section */
		34A92D06EC6EFDEF4AA4747B /* libPods-YYKitDemo.a in Frameworks */ = {isa = PBXBuildFile; fileRef = 2BF2ECF50CB975D3E65E4678 /* libPods-YYKitDemo.a */; };
		E4ADC31D1D26633F0062564A /* main.m in Sources */ = {isa = PBXBuildFile; fileRef = E4ADC31C1D26633F0062564A /* main.m */; };
		E4ADC3201D26633F0062564A /* AppDelegate.m in Sources */ = {isa = PBXBuildFile; fileRef = E4ADC31F1D26633F0062564A /* AppDelegate.m */; };
		E4ADC3231D26633F0062564A /* ViewController.m in Sources */ = {isa = PBXBuildFile; fileRef = E4ADC3221D26633F0062564A /* ViewController.m */; };
		E4ADC3261D26633F0062564A /* Main.storyboard in Resources */ = {isa = PBXBuildFile; fileRef = E4ADC3241D26633F0062564A /* Main.storyboard */; };
		E4ADC3291D26633F0062564A /* YYKitDemo.xcdatamodeld in Sources */ = {isa = PBXBuildFile; fileRef = E4ADC3271D26633F0062564A /* YYKitDemo.xcdatamodeld */; };
		E4ADC32B1D26633F0062564A /* Assets.xcassets in Resources */ = {isa = PBXBuildFile; fileRef = E4ADC32A1D26633F0062564A /* Assets.xcassets */; };
		E4ADC32E1D26633F0062564A /* LaunchScreen.storyboard in Resources */ = {isa = PBXBuildFile; fileRef = E4ADC32C1D26633F0062564A /* LaunchScreen.storyboard */; };
		E4ADC3501D26693D0062564A /* pickView使用.gif in Resources */ = {isa = PBXBuildFile; fileRef = E4ADC3361D26693D0062564A /* pickView使用.gif */; };
		E4ADC3511D26693D0062564A /* 1.png in Resources */ = {isa = PBXBuildFile; fileRef = E4ADC3371D26693D0062564A /* 1.png */; };
		E4ADC3521D26693D0062564A /* pickView01.png in Resources */ = {isa = PBXBuildFile; fileRef = E4ADC3391D26693D0062564A /* pickView01.png */; };
		E4ADC3531D26693D0062564A /* pickView02.png in Resources */ = {isa = PBXBuildFile; fileRef = E4ADC33A1D26693D0062564A /* pickView02.png */; };
		E4ADC3541D26693D0062564A /* pickView03.png in Resources */ = {isa = PBXBuildFile; fileRef = E4ADC33B1D26693D0062564A /* pickView03.png */; };
		E4ADC3551D26693D0062564A /* pickView04.png in Resources */ = {isa = PBXBuildFile; fileRef = E4ADC33C1D26693D0062564A /* pickView04.png */; };
		E4ADC3561D26693D0062564A /* pickView05.png in Resources */ = {isa = PBXBuildFile; fileRef = E4ADC33D1D26693D0062564A /* pickView05.png */; };
		E4ADC3571D26693D0062564A /* pickView06.png in Resources */ = {isa = PBXBuildFile; fileRef = E4ADC33E1D26693D0062564A /* pickView06.png */; };
		E4ADC3581D26693D0062564A /* pickView07.png in Resources */ = {isa = PBXBuildFile; fileRef = E4ADC33F1D26693D0062564A /* pickView07.png */; };
		E4ADC3591D26693D0062564A /* pickView08.png in Resources */ = {isa = PBXBuildFile; fileRef = E4ADC3401D26693D0062564A /* pickView08.png */; };
		E4ADC35A1D26693D0062564A /* pickView09.png in Resources */ = {isa = PBXBuildFile; fileRef = E4ADC3411D26693D0062564A /* pickView09.png */; };
		E4ADC35B1D26693D0062564A /* pickView10.png in Resources */ = {isa = PBXBuildFile; fileRef = E4ADC3421D26693D0062564A /* pickView10.png */; };
		E4ADC35C1D26693D0062564A /* pickView11.png in Resources */ = {isa = PBXBuildFile; fileRef = E4ADC3431D26693D0062564A /* pickView11.png */; };
		E4ADC35D1D26693D0062564A /* pickView12.png in Resources */ = {isa = PBXBuildFile; fileRef = E4ADC3441D26693D0062564A /* pickView12.png */; };
		E4ADC35E1D26693D0062564A /* pickView13.png in Resources */ = {isa = PBXBuildFile; fileRef = E4ADC3451D26693D0062564A /* pickView13.png */; };
		E4ADC35F1D26693D0062564A /* pickView14.png in Resources */ = {isa = PBXBuildFile; fileRef = E4ADC3461D26693D0062564A /* pickView14.png */; };
		E4ADC3601D26693D0062564A /* pickView15.png in Resources */ = {isa = PBXBuildFile; fileRef = E4ADC3471D26693D0062564A /* pickView15.png */; };
		E4ADC3611D26693D0062564A /* pickView16.png in Resources */ = {isa = PBXBuildFile; fileRef = E4ADC3481D26693D0062564A /* pickView16.png */; };
		E4ADC3621D26693D0062564A /* pickView17.png in Resources */ = {isa = PBXBuildFile; fileRef = E4ADC3491D26693D0062564A /* pickView17.png */; };
		E4ADC3631D26693D0062564A /* pickView18.png in Resources */ = {isa = PBXBuildFile; fileRef = E4ADC34A1D26693D0062564A /* pickView18.png */; };
		E4ADC3641D26693D0062564A /* pickView19.png in Resources */ = {isa = PBXBuildFile; fileRef = E4ADC34B1D26693D0062564A /* pickView19.png */; };
		E4ADC3651D26693D0062564A /* pickView20.png in Resources */ = {isa = PBXBuildFile; fileRef = E4ADC34C1D26693D0062564A /* pickView20.png */; };
		E4ADC3661D26693D0062564A /* pickView21.png in Resources */ = {isa = PBXBuildFile; fileRef = E4ADC34D1D26693D0062564A /* pickView21.png */; };
		E4ADC3671D26693D0062564A /* pickView22.png in Resources */ = {isa = PBXBuildFile; fileRef = E4ADC34E1D26693D0062564A /* pickView22.png */; };
		E4ADC3681D26693D0062564A /* pickView23.png in Resources */ = {isa = PBXBuildFile; fileRef = E4ADC34F1D26693D0062564A /* pickView23.png */; };
/* End PBXBuildFile section */

/* Begin PBXFileReference section */
		2BF2ECF50CB975D3E65E4678 /* libPods-YYKitDemo.a */ = {isa = PBXFileReference; explicitFileType = archive.ar; includeInIndex = 0; path = "libPods-YYKitDemo.a"; sourceTree = BUILT_PRODUCTS_DIR; };
		67F216F4ABA33F5D1E26E32B /* Pods-YYKitDemo.debug.xcconfig */ = {isa = PBXFileReference; includeInIndex = 1; lastKnownFileType = text.xcconfig; name = "Pods-YYKitDemo.debug.xcconfig"; path = "Pods/Target Support Files/Pods-YYKitDemo/Pods-YYKitDemo.debug.xcconfig"; sourceTree = "<group>"; };
		AA3CA16B52FBFDDCAD1C8D42 /* Pods-YYKitDemo.release.xcconfig */ = {isa = PBXFileReference; includeInIndex = 1; lastKnownFileType = text.xcconfig; name = "Pods-YYKitDemo.release.xcconfig"; path = "Pods/Target Support Files/Pods-YYKitDemo/Pods-YYKitDemo.release.xcconfig"; sourceTree = "<group>"; };
		E4ADC3181D26633F0062564A /* YYKitDemo.app */ = {isa = PBXFileReference; explicitFileType = wrapper.application; includeInIndex = 0; path = YYKitDemo.app; sourceTree = BUILT_PRODUCTS_DIR; };
		E4ADC31C1D26633F0062564A /* main.m */ = {isa = PBXFileReference; lastKnownFileType = sourcecode.c.objc; path = main.m; sourceTree = "<group>"; };
		E4ADC31E1D26633F0062564A /* AppDelegate.h */ = {isa = PBXFileReference; lastKnownFileType = sourcecode.c.h; path = AppDelegate.h; sourceTree = "<group>"; };
		E4ADC31F1D26633F0062564A /* AppDelegate.m */ = {isa = PBXFileReference; lastKnownFileType = sourcecode.c.objc; path = AppDelegate.m; sourceTree = "<group>"; };
		E4ADC3211D26633F0062564A /* ViewController.h */ = {isa = PBXFileReference; lastKnownFileType = sourcecode.c.h; path = ViewController.h; sourceTree = "<group>"; };
		E4ADC3221D26633F0062564A /* ViewController.m */ = {isa = PBXFileReference; lastKnownFileType = sourcecode.c.objc; path = ViewController.m; sourceTree = "<group>"; };
		E4ADC3251D26633F0062564A /* Base */ = {isa = PBXFileReference; lastKnownFileType = file.storyboard; name = Base; path = Base.lproj/Main.storyboard; sourceTree = "<group>"; };
		E4ADC3281D26633F0062564A /* YYKitDemo.xcdatamodel */ = {isa = PBXFileReference; lastKnownFileType = wrapper.xcdatamodel; path = YYKitDemo.xcdatamodel; sourceTree = "<group>"; };
		E4ADC32A1D26633F0062564A /* Assets.xcassets */ = {isa = PBXFileReference; lastKnownFileType = folder.assetcatalog; path = Assets.xcassets; sourceTree = "<group>"; };
		E4ADC32D1D26633F0062564A /* Base */ = {isa = PBXFileReference; lastKnownFileType = file.storyboard; name = Base; path = Base.lproj/LaunchScreen.storyboard; sourceTree = "<group>"; };
		E4ADC32F1D26633F0062564A /* Info.plist */ = {isa = PBXFileReference; lastKnownFileType = text.plist.xml; path = Info.plist; sourceTree = "<group>"; };
		E4ADC3361D26693D0062564A /* pickView使用.gif */ = {isa = PBXFileReference; lastKnownFileType = image.gif; path = "pickView使用.gif"; sourceTree = "<group>"; };
		E4ADC3371D26693D0062564A /* 1.png */ = {isa = PBXFileReference; lastKnownFileType = image.png; path = 1.png; sourceTree = "<group>"; };
		E4ADC3391D26693D0062564A /* pickView01.png */ = {isa = PBXFileReference; lastKnownFileType = image.png; path = pickView01.png; sourceTree = "<group>"; };
		E4ADC33A1D26693D0062564A /* pickView02.png */ = {isa = PBXFileReference; lastKnownFileType = image.png; path = pickView02.png; sourceTree = "<group>"; };
		E4ADC33B1D26693D0062564A /* pickView03.png */ = {isa = PBXFileReference; lastKnownFileType = image.png; path = pickView03.png; sourceTree = "<group>"; };
		E4ADC33C1D26693D0062564A /* pickView04.png */ = {isa = PBXFileReference; lastKnownFileType = image.png; path = pickView04.png; sourceTree = "<group>"; };
		E4ADC33D1D26693D0062564A /* pickView05.png */ = {isa = PBXFileReference; lastKnownFileType = image.png; path = pickView05.png; sourceTree = "<group>"; };
		E4ADC33E1D26693D0062564A /* pickView06.png */ = {isa = PBXFileReference; lastKnownFileType = image.png; path = pickView06.png; sourceTree = "<group>"; };
		E4ADC33F1D26693D0062564A /* pickView07.png */ = {isa = PBXFileReference; lastKnownFileType = image.png; path = pickView07.png; sourceTree = "<group>"; };
		E4ADC3401D26693D0062564A /* pickView08.png */ = {isa = PBXFileReference; lastKnownFileType = image.png; path = pickView08.png; sourceTree = "<group>"; };
		E4ADC3411D26693D0062564A /* pickView09.png */ = {isa = PBXFileReference; lastKnownFileType = image.png; path = pickView09.png; sourceTree = "<group>"; };
		E4ADC3421D26693D0062564A /* pickView10.png */ = {isa = PBXFileReference; lastKnownFileType = image.png; path = pickView10.png; sourceTree = "<group>"; };
		E4ADC3431D26693D0062564A /* pickView11.png */ = {isa = PBXFileReference; lastKnownFileType = image.png; path = pickView11.png; sourceTree = "<group>"; };
		E4ADC3441D26693D0062564A /* pickView12.png */ = {isa = PBXFileReference; lastKnownFileType = image.png; path = pickView12.png; sourceTree = "<group>"; };
		E4ADC3451D26693D0062564A /* pickView13.png */ = {isa = PBXFileReference; lastKnownFileType = image.png; path = pickView13.png; sourceTree = "<group>"; };
		E4ADC3461D26693D0062564A /* pickView14.png */ = {isa = PBXFileReference; lastKnownFileType = image.png; path = pickView14.png; sourceTree = "<group>"; };
		E4ADC3471D26693D0062564A /* pickView15.png */ = {isa = PBXFileReference; lastKnownFileType = image.png; path = pickView15.png; sourceTree = "<group>"; };
		E4ADC3481D26693D0062564A /* pickView16.png */ = {isa = PBXFileReference; lastKnownFileType = image.png; path = pickView16.png; sourceTree = "<group>"; };
		E4ADC3491D26693D0062564A /* pickView17.png */ = {isa = PBXFileReference; lastKnownFileType = image.png; path = pickView17.png; sourceTree = "<group>"; };
		E4ADC34A1D26693D0062564A /* pickView18.png */ = {isa = PBXFileReference; lastKnownFileType = image.png; path = pickView18.png; sourceTree = "<group>"; };
		E4ADC34B1D26693D0062564A /* pickView19.png */ = {isa = PBXFileReference; lastKnownFileType = image.png; path = pickView19.png; sourceTree = "<group>"; };
		E4ADC34C1D26693D0062564A /* pickView20.png */ = {isa = PBXFileReference; lastKnownFileType = image.png; path = pickView20.png; sourceTree = "<group>"; };
		E4ADC34D1D26693D0062564A /* pickView21.png */ = {isa = PBXFileReference; lastKnownFileType = image.png; path = pickView21.png; sourceTree = "<group>"; };
		E4ADC34E1D26693D0062564A /* pickView22.png */ = {isa = PBXFileReference; lastKnownFileType = image.png; path = pickView22.png; sourceTree = "<group>"; };
		E4ADC34F1D26693D0062564A /* pickView23.png */ = {isa = PBXFileReference; lastKnownFileType = image.png; path = pickView23.png; sourceTree = "<group>"; };
/* End PBXFileReference section */

/* Begin PBXFrameworksBuildPhase section */
		E4ADC3151D26633F0062564A /* Frameworks */ = {
			isa = PBXFrameworksBuildPhase;
			buildActionMask = 2147483647;
			files = (
				34A92D06EC6EFDEF4AA4747B /* libPods-YYKitDemo.a in Frameworks */,
			);
			runOnlyForDeploymentPostprocessing = 0;
		};
/* End PBXFrameworksBuildPhase section */

/* Begin PBXGroup section */
		AC317CE79CADB981C37C741F /* Frameworks */ = {
			isa = PBXGroup;
			children = (
				2BF2ECF50CB975D3E65E4678 /* libPods-YYKitDemo.a */,
			);
			name = Frameworks;
			sourceTree = "<group>";
		};
		B61C360BA9A15E3F0DC86ADD /* Pods */ = {
			isa = PBXGroup;
			children = (
				67F216F4ABA33F5D1E26E32B /* Pods-YYKitDemo.debug.xcconfig */,
				AA3CA16B52FBFDDCAD1C8D42 /* Pods-YYKitDemo.release.xcconfig */,
			);
			name = Pods;
			sourceTree = "<group>";
		};
		E4ADC30F1D26633F0062564A = {
			isa = PBXGroup;
			children = (
				E4ADC31A1D26633F0062564A /* YYKitDemo */,
				E4ADC3191D26633F0062564A /* Products */,
				B61C360BA9A15E3F0DC86ADD /* Pods */,
				AC317CE79CADB981C37C741F /* Frameworks */,
			);
			sourceTree = "<group>";
		};
		E4ADC3191D26633F0062564A /* Products */ = {
			isa = PBXGroup;
			children = (
				E4ADC3181D26633F0062564A /* YYKitDemo.app */,
			);
			name = Products;
			sourceTree = "<group>";
		};
		E4ADC31A1D26633F0062564A /* YYKitDemo */ = {
			isa = PBXGroup;
			children = (
				E4ADC31E1D26633F0062564A /* AppDelegate.h */,
				E4ADC31F1D26633F0062564A /* AppDelegate.m */,
				E4ADC3211D26633F0062564A /* ViewController.h */,
				E4ADC3221D26633F0062564A /* ViewController.m */,
				E4ADC3351D26638C0062564A /* Source */,
				E4ADC31B1D26633F0062564A /* Supporting Files */,
			);
			path = YYKitDemo;
			sourceTree = "<group>";
		};
		E4ADC31B1D26633F0062564A /* Supporting Files */ = {
			isa = PBXGroup;
			children = (
				E4ADC31C1D26633F0062564A /* main.m */,
			);
			name = "Supporting Files";
			sourceTree = "<group>";
		};
		E4ADC3351D26638C0062564A /* Source */ = {
			isa = PBXGroup;
			children = (
				E4ADC3361D26693D0062564A /* pickView使用.gif */,
				E4ADC3371D26693D0062564A /* 1.png */,
				E4ADC3381D26693D0062564A /* pickView */,
				E4ADC3241D26633F0062564A /* Main.storyboard */,
				E4ADC32A1D26633F0062564A /* Assets.xcassets */,
				E4ADC32C1D26633F0062564A /* LaunchScreen.storyboard */,
				E4ADC32F1D26633F0062564A /* Info.plist */,
				E4ADC3271D26633F0062564A /* YYKitDemo.xcdatamodeld */,
			);
			name = Source;
			sourceTree = "<group>";
		};
		E4ADC3381D26693D0062564A /* pickView */ = {
			isa = PBXGroup;
			children = (
				E4ADC3391D26693D0062564A /* pickView01.png */,
				E4ADC33A1D26693D0062564A /* pickView02.png */,
				E4ADC33B1D26693D0062564A /* pickView03.png */,
				E4ADC33C1D26693D0062564A /* pickView04.png */,
				E4ADC33D1D26693D0062564A /* pickView05.png */,
				E4ADC33E1D26693D0062564A /* pickView06.png */,
				E4ADC33F1D26693D0062564A /* pickView07.png */,
				E4ADC3401D26693D0062564A /* pickView08.png */,
				E4ADC3411D26693D0062564A /* pickView09.png */,
				E4ADC3421D26693D0062564A /* pickView10.png */,
				E4ADC3431D26693D0062564A /* pickView11.png */,
				E4ADC3441D26693D0062564A /* pickView12.png */,
				E4ADC3451D26693D0062564A /* pickView13.png */,
				E4ADC3461D26693D0062564A /* pickView14.png */,
				E4ADC3471D26693D0062564A /* pickView15.png */,
				E4ADC3481D26693D0062564A /* pickView16.png */,
				E4ADC3491D26693D0062564A /* pickView17.png */,
				E4ADC34A1D26693D0062564A /* pickView18.png */,
				E4ADC34B1D26693D0062564A /* pickView19.png */,
				E4ADC34C1D26693D0062564A /* pickView20.png */,
				E4ADC34D1D26693D0062564A /* pickView21.png */,
				E4ADC34E1D26693D0062564A /* pickView22.png */,
				E4ADC34F1D26693D0062564A /* pickView23.png */,
			);
			path = pickView;
			sourceTree = "<group>";
		};
/* End PBXGroup section */

/* Begin PBXNativeTarget section */
		E4ADC3171D26633F0062564A /* YYKitDemo */ = {
			isa = PBXNativeTarget;
			buildConfigurationList = E4ADC3321D26633F0062564A /* Build configuration list for PBXNativeTarget "YYKitDemo" */;
			buildPhases = (
				2ECF68C2C298061BAAC0D86B /* [CP] Check Pods Manifest.lock */,
				E4ADC3141D26633F0062564A /* Sources */,
				E4ADC3151D26633F0062564A /* Frameworks */,
				E4ADC3161D26633F0062564A /* Resources */,
				95497C7D26322AEC63593AE2 /* [CP] Embed Pods Frameworks */,
				0AD3D11E9AB477FF4CF3659A /* [CP] Copy Pods Resources */,
			);
			buildRules = (
			);
			dependencies = (
			);
			name = YYKitDemo;
			productName = YYKitDemo;
			productReference = E4ADC3181D26633F0062564A /* YYKitDemo.app */;
			productType = "com.apple.product-type.application";
		};
/* End PBXNativeTarget section */

/* Begin PBXProject section */
		E4ADC3101D26633F0062564A /* Project object */ = {
			isa = PBXProject;
			attributes = {
				LastUpgradeCheck = 0730;
				ORGANIZATIONNAME = slq;
				TargetAttributes = {
					E4ADC3171D26633F0062564A = {
						CreatedOnToolsVersion = 7.3;
					};
				};
			};
			buildConfigurationList = E4ADC3131D26633F0062564A /* Build configuration list for PBXProject "YYKitDemo" */;
			compatibilityVersion = "Xcode 3.2";
			developmentRegion = English;
			hasScannedForEncodings = 0;
			knownRegions = (
				en,
				Base,
			);
			mainGroup = E4ADC30F1D26633F0062564A;
			productRefGroup = E4ADC3191D26633F0062564A /* Products */;
			projectDirPath = "";
			projectRoot = "";
			targets = (
				E4ADC3171D26633F0062564A /* YYKitDemo */,
			);
		};
/* End PBXProject section */

/* Begin PBXResourcesBuildPhase section */
		E4ADC3161D26633F0062564A /* Resources */ = {
			isa = PBXResourcesBuildPhase;
			buildActionMask = 2147483647;
			files = (
				E4ADC32E1D26633F0062564A /* LaunchScreen.storyboard in Resources */,
				E4ADC32B1D26633F0062564A /* Assets.xcassets in Resources */,
				E4ADC3581D26693D0062564A /* pickView07.png in Resources */,
				E4ADC3521D26693D0062564A /* pickView01.png in Resources */,
				E4ADC3681D26693D0062564A /* pickView23.png in Resources */,
				E4ADC3661D26693D0062564A /* pickView21.png in Resources */,
				E4ADC3651D26693D0062564A /* pickView20.png in Resources */,
				E4ADC3671D26693D0062564A /* pickView22.png in Resources */,
				E4ADC35B1D26693D0062564A /* pickView10.png in Resources */,
				E4ADC3621D26693D0062564A /* pickView17.png in Resources */,
				E4ADC35C1D26693D0062564A /* pickView11.png in Resources */,
				E4ADC3591D26693D0062564A /* pickView08.png in Resources */,
				E4ADC35E1D26693D0062564A /* pickView13.png in Resources */,
				E4ADC3571D26693D0062564A /* pickView06.png in Resources */,
				E4ADC3601D26693D0062564A /* pickView15.png in Resources */,
				E4ADC3631D26693D0062564A /* pickView18.png in Resources */,
				E4ADC35A1D26693D0062564A /* pickView09.png in Resources */,
				E4ADC3641D26693D0062564A /* pickView19.png in Resources */,
				E4ADC3261D26633F0062564A /* Main.storyboard in Resources */,
				E4ADC3561D26693D0062564A /* pickView05.png in Resources */,
				E4ADC35D1D26693D0062564A /* pickView12.png in Resources */,
				E4ADC3501D26693D0062564A /* pickView使用.gif in Resources */,
				E4ADC3511D26693D0062564A /* 1.png in Resources */,
				E4ADC3541D26693D0062564A /* pickView03.png in Resources */,
				E4ADC3531D26693D0062564A /* pickView02.png in Resources */,
				E4ADC3551D26693D0062564A /* pickView04.png in Resources */,
				E4ADC3611D26693D0062564A /* pickView16.png in Resources */,
				E4ADC35F1D26693D0062564A /* pickView14.png in Resources */,
			);
			runOnlyForDeploymentPostprocessing = 0;
		};
/* End PBXResourcesBuildPhase section */

/* Begin PBXShellScriptBuildPhase section */
		0AD3D11E9AB477FF4CF3659A /* [CP] Copy Pods Resources */ = {
			isa = PBXShellScriptBuildPhase;
			buildActionMask = 2147483647;
			files = (
			);
			inputPaths = (
			);
			name = "[CP] Copy Pods Resources";
			outputPaths = (
			);
			runOnlyForDeploymentPostprocessing = 0;
			shellPath = /bin/sh;
			shellScript = "\"${SRCROOT}/Pods/Target Support Files/Pods-YYKitDemo/Pods-YYKitDemo-resources.sh\"\n";
			showEnvVarsInLog = 0;
		};
		2ECF68C2C298061BAAC0D86B /* [CP] Check Pods Manifest.lock */ = {
			isa = PBXShellScriptBuildPhase;
			buildActionMask = 2147483647;
			files = (
			);
			inputPaths = (
			);
			name = "[CP] Check Pods Manifest.lock";
			outputPaths = (
			);
			runOnlyForDeploymentPostprocessing = 0;
			shellPath = /bin/sh;
			shellScript = "diff \"${PODS_ROOT}/../Podfile.lock\" \"${PODS_ROOT}/Manifest.lock\" > /dev/null\nif [[ $? != 0 ]] ; then\n    cat << EOM\nerror: The sandbox is not in sync with the Podfile.lock. Run 'pod install' or update your CocoaPods installation.\nEOM\n    exit 1\nfi\n";
			showEnvVarsInLog = 0;
		};
		95497C7D26322AEC63593AE2 /* [CP] Embed Pods Frameworks */ = {
			isa = PBXShellScriptBuildPhase;
			buildActionMask = 2147483647;
			files = (
			);
			inputPaths = (
			);
			name = "[CP] Embed Pods Frameworks";
			outputPaths = (
			);
			runOnlyForDeploymentPostprocessing = 0;
			shellPath = /bin/sh;
			shellScript = "\"${SRCROOT}/Pods/Target Support Files/Pods-YYKitDemo/Pods-YYKitDemo-frameworks.sh\"\n";
			showEnvVarsInLog = 0;
		};
/* End PBXShellScriptBuildPhase section */

/* Begin PBXSourcesBuildPhase section */
		E4ADC3141D26633F0062564A /* Sources */ = {
			isa = PBXSourcesBuildPhase;
			buildActionMask = 2147483647;
			files = (
				E4ADC3231D26633F0062564A /* ViewController.m in Sources */,
				E4ADC3291D26633F0062564A /* YYKitDemo.xcdatamodeld in Sources */,
				E4ADC3201D26633F0062564A /* AppDelegate.m in Sources */,
				E4ADC31D1D26633F0062564A /* main.m in Sources */,
			);
			runOnlyForDeploymentPostprocessing = 0;
		};
/* End PBXSourcesBuildPhase section */

/* Begin PBXVariantGroup section */
		E4ADC3241D26633F0062564A /* Main.storyboard */ = {
			isa = PBXVariantGroup;
			children = (
				E4ADC3251D26633F0062564A /* Base */,
			);
			name = Main.storyboard;
			sourceTree = "<group>";
		};
		E4ADC32C1D26633F0062564A /* LaunchScreen.storyboard */ = {
			isa = PBXVariantGroup;
			children = (
				E4ADC32D1D26633F0062564A /* Base */,
			);
			name = LaunchScreen.storyboard;
			sourceTree = "<group>";
		};
/* End PBXVariantGroup section */

/* Begin XCBuildConfiguration section */
		E4ADC3301D26633F0062564A /* Debug */ = {
			isa = XCBuildConfiguration;
			buildSettings = {
				ALWAYS_SEARCH_USER_PATHS = NO;
				CLANG_ANALYZER_NONNULL = YES;
				CLANG_CXX_LANGUAGE_STANDARD = "gnu++0x";
				CLANG_CXX_LIBRARY = "libc++";
				CLANG_ENABLE_MODULES = YES;
				CLANG_ENABLE_OBJC_ARC = YES;
				CLANG_WARN_BOOL_CONVERSION = YES;
				CLANG_WARN_CONSTANT_CONVERSION = YES;
				CLANG_WARN_DIRECT_OBJC_ISA_USAGE = YES_ERROR;
				CLANG_WARN_EMPTY_BODY = YES;
				CLANG_WARN_ENUM_CONVERSION = YES;
				CLANG_WARN_INT_CONVERSION = YES;
				CLANG_WARN_OBJC_ROOT_CLASS = YES_ERROR;
				CLANG_WARN_UNREACHABLE_CODE = YES;
				CLANG_WARN__DUPLICATE_METHOD_MATCH = YES;
				"CODE_SIGN_IDENTITY[sdk=iphoneos*]" = "iPhone Developer";
				COPY_PHASE_STRIP = NO;
				DEBUG_INFORMATION_FORMAT = dwarf;
				ENABLE_STRICT_OBJC_MSGSEND = YES;
				ENABLE_TESTABILITY = YES;
				GCC_C_LANGUAGE_STANDARD = gnu99;
				GCC_DYNAMIC_NO_PIC = NO;
				GCC_NO_COMMON_BLOCKS = YES;
				GCC_OPTIMIZATION_LEVEL = 0;
				GCC_PREPROCESSOR_DEFINITIONS = (
					"DEBUG=1",
					"$(inherited)",
				);
				GCC_WARN_64_TO_32_BIT_CONVERSION = YES;
				GCC_WARN_ABOUT_RETURN_TYPE = YES_ERROR;
				GCC_WARN_UNDECLARED_SELECTOR = YES;
				GCC_WARN_UNINITIALIZED_AUTOS = YES_AGGRESSIVE;
				GCC_WARN_UNUSED_FUNCTION = YES;
				GCC_WARN_UNUSED_VARIABLE = YES;
				IPHONEOS_DEPLOYMENT_TARGET = 9.3;
				MTL_ENABLE_DEBUG_INFO = YES;
				ONLY_ACTIVE_ARCH = YES;
				SDKROOT = iphoneos;
			};
			name = Debug;
		};
		E4ADC3311D26633F0062564A /* Release */ = {
			isa = XCBuildConfiguration;
			buildSettings = {
				ALWAYS_SEARCH_USER_PATHS = NO;
				CLANG_ANALYZER_NONNULL = YES;
				CLANG_CXX_LANGUAGE_STANDARD = "gnu++0x";
				CLANG_CXX_LIBRARY = "libc++";
				CLANG_ENABLE_MODULES = YES;
				CLANG_ENABLE_OBJC_ARC = YES;
				CLANG_WARN_BOOL_CONVERSION = YES;
				CLANG_WARN_CONSTANT_CONVERSION = YES;
				CLANG_WARN_DIRECT_OBJC_ISA_USAGE = YES_ERROR;
				CLANG_WARN_EMPTY_BODY = YES;
				CLANG_WARN_ENUM_CONVERSION = YES;
				CLANG_WARN_INT_CONVERSION = YES;
				CLANG_WARN_OBJC_ROOT_CLASS = YES_ERROR;
				CLANG_WARN_UNREACHABLE_CODE = YES;
				CLANG_WARN__DUPLICATE_METHOD_MATCH = YES;
				"CODE_SIGN_IDENTITY[sdk=iphoneos*]" = "iPhone Developer";
				COPY_PHASE_STRIP = NO;
				DEBUG_INFORMATION_FORMAT = "dwarf-with-dsym";
				ENABLE_NS_ASSERTIONS = NO;
				ENABLE_STRICT_OBJC_MSGSEND = YES;
				GCC_C_LANGUAGE_STANDARD = gnu99;
				GCC_NO_COMMON_BLOCKS = YES;
				GCC_WARN_64_TO_32_BIT_CONVERSION = YES;
				GCC_WARN_ABOUT_RETURN_TYPE = YES_ERROR;
				GCC_WARN_UNDECLARED_SELECTOR = YES;
				GCC_WARN_UNINITIALIZED_AUTOS = YES_AGGRESSIVE;
				GCC_WARN_UNUSED_FUNCTION = YES;
				GCC_WARN_UNUSED_VARIABLE = YES;
				IPHONEOS_DEPLOYMENT_TARGET = 9.3;
				MTL_ENABLE_DEBUG_INFO = NO;
				SDKROOT = iphoneos;
				VALIDATE_PRODUCT = YES;
			};
			name = Release;
		};
		E4ADC3331D26633F0062564A /* Debug */ = {
			isa = XCBuildConfiguration;
			baseConfigurationReference = 67F216F4ABA33F5D1E26E32B /* Pods-YYKitDemo.debug.xcconfig */;
			buildSettings = {
				ASSETCATALOG_COMPILER_APPICON_NAME = AppIcon;
				INFOPLIST_FILE = YYKitDemo/Info.plist;
				LD_RUNPATH_SEARCH_PATHS = "$(inherited) @executable_path/Frameworks";
				PRODUCT_BUNDLE_IDENTIFIER = io.gihub.song.YYKitDemo;
				PRODUCT_NAME = "$(TARGET_NAME)";
			};
			name = Debug;
		};
		E4ADC3341D26633F0062564A /* Release */ = {
			isa = XCBuildConfiguration;
			baseConfigurationReference = AA3CA16B52FBFDDCAD1C8D42 /* Pods-YYKitDemo.release.xcconfig */;
			buildSettings = {
				ASSETCATALOG_COMPILER_APPICON_NAME = AppIcon;
				INFOPLIST_FILE = YYKitDemo/Info.plist;
				LD_RUNPATH_SEARCH_PATHS = "$(inherited) @executable_path/Frameworks";
				PRODUCT_BUNDLE_IDENTIFIER = io.gihub.song.YYKitDemo;
				PRODUCT_NAME = "$(TARGET_NAME)";
			};
			name = Release;
		};
/* End XCBuildConfiguration section */

/* Begin XCConfigurationList section */
		E4ADC3131D26633F0062564A /* Build configuration list for PBXProject "YYKitDemo" */ = {
			isa = XCConfigurationList;
			buildConfigurations = (
				E4ADC3301D26633F0062564A /* Debug */,
				E4ADC3311D26633F0062564A /* Release */,
			);
			defaultConfigurationIsVisible = 0;
			defaultConfigurationName = Release;
		};
		E4ADC3321D26633F0062564A /* Build configuration list for PBXNativeTarget "YYKitDemo" */ = {
			isa = XCConfigurationList;
			buildConfigurations = (
				E4ADC3331D26633F0062564A /* Debug */,
				E4ADC3341D26633F0062564A /* Release */,
			);
			defaultConfigurationIsVisible = 0;
			defaultConfigurationName = Release;
		};
/* End XCConfigurationList section */

/* Begin XCVersionGroup section */
		E4ADC3271D26633F0062564A /* YYKitDemo.xcdatamodeld */ = {
			isa = XCVersionGroup;
			children = (
				E4ADC3281D26633F0062564A /* YYKitDemo.xcdatamodel */,
			);
			currentVersion = E4ADC3281D26633F0062564A /* YYKitDemo.xcdatamodel */;
			path = YYKitDemo.xcdatamodeld;
			sourceTree = "<group>";
			versionGroupType = wrapper.xcdatamodel;
		};
/* End XCVersionGroup section */
	};
	rootObject = E4ADC3101D26633F0062564A /* Project object */;
}
